PODS:
  - BATabBarController (2.0.1):
    - SnapKit
  - Nimble (7.3.4)
  - Quick (2.2.0)
  - SnapKit (5.0.1)

DEPENDENCIES:
  - BATabBarController (from `../`)
  - Nimble (~> 7.0)
  - Quick (~> 2.2.0)
  - SnapKit (~> 5.0)

SPEC REPOS:
  trunk:
    - Nimble
    - Quick
    - SnapKit

EXTERNAL SOURCES:
  BATabBarController:
    :path: "../"

SPEC CHECKSUMS:
  BATabBarController: 5edb68c72737c544e804480cf322c6b67c4cebc7
  Nimble: 051e3d8912d40138fa5591c78594f95fb172af37
  Quick: 7fb19e13be07b5dfb3b90d4f9824c855a11af40e
  SnapKit: 97b92857e3df3a0c71833cce143274bf6ef8e5eb

PODFILE CHECKSUM: b03495873c170c64c4ba575add9a8adfc01ec441

COCOAPODS: 1.9.1
